
Microsoft Visual Studio Solution File, Format Version 12.00
# Visual Studio Version 17
VisualStudioVersion = 17.8.34330.188
MinimumVisualStudioVersion = 10.0.40219.1
Project("{9A19103F-16F7-4668-BE54-9A1E7A4F7556}") = "AdressBookMaui", "AdressBookMaui\AdressBookMaui.csproj", "{9C87589D-83C5-42FF-ACDC-2562DA82429F}"
EndProject
Project("{9A19103F-16F7-4668-BE54-9A1E7A4F7556}") = "AdressBook_Library", "AdressBook_Library\AdressBook_Library.csproj", "{8ADD177C-F634-424E-8F20-1047899E4837}"
EndProject
Project("{FAE04EC0-301F-11D3-BF4B-00C04F79EFBC}") = "AdressBookMaui.Tests", "AdressBookMaui.Tests\AdressBookMaui.Tests.csproj", "{9288BF23-E8BC-444E-B581-84D0434AB3AE}"
EndProject
Global
	GlobalSection(SolutionConfigurationPlatforms) = preSolution
		Debug|Any CPU = Debug|Any CPU
		Release|Any CPU = Release|Any CPU
	EndGlobalSection
	GlobalSection(ProjectConfigurationPlatforms) = postSolution
		{9C87589D-83C5-42FF-ACDC-2562DA82429F}.Debug|Any CPU.ActiveCfg = Debug|Any CPU
		{9C87589D-83C5-42FF-ACDC-2562DA82429F}.Debug|Any CPU.Build.0 = Debug|Any CPU
		{9C87589D-83C5-42FF-ACDC-2562DA82429F}.Debug|Any CPU.Deploy.0 = Debug|Any CPU
		{9C87589D-83C5-42FF-ACDC-2562DA82429F}.Release|Any CPU.ActiveCfg = Release|Any CPU
		{9C87589D-83C5-42FF-ACDC-2562DA82429F}.Release|Any CPU.Build.0 = Release|Any CPU
		{9C87589D-83C5-42FF-ACDC-2562DA82429F}.Release|Any CPU.Deploy.0 = Release|Any CPU
		{8ADD177C-F634-424E-8F20-1047899E4837}.Debug|Any CPU.ActiveCfg = Debug|Any CPU
		{8ADD177C-F634-424E-8F20-1047899E4837}.Debug|Any CPU.Build.0 = Debug|Any CPU
		{8ADD177C-F634-424E-8F20-1047899E4837}.Release|Any CPU.ActiveCfg = Release|Any CPU
		{8ADD177C-F634-424E-8F20-1047899E4837}.Release|Any CPU.Build.0 = Release|Any CPU
		{9288BF23-E8BC-444E-B581-84D0434AB3AE}.Debug|Any CPU.ActiveCfg = Debug|Any CPU
		{9288BF23-E8BC-444E-B581-84D0434AB3AE}.Debug|Any CPU.Build.0 = Debug|Any CPU
		{9288BF23-E8BC-444E-B581-84D0434AB3AE}.Release|Any CPU.ActiveCfg = Release|Any CPU
		{9288BF23-E8BC-444E-B581-84D0434AB3AE}.Release|Any CPU.Build.0 = Release|Any CPU
	EndGlobalSection
	GlobalSection(SolutionProperties) = preSolution
		HideSolutionNode = FALSE
	EndGlobalSection
	GlobalSection(ExtensibilityGlobals) = postSolution
		SolutionGuid = {F0D09796-5B6F-431E-B90B-7C7CD9DEC06E}
	EndGlobalSection
EndGlobal
